dependencies:
- name: redis
  repository: oci://registry-1.docker.io/cloudpirates
  version: 0.27.9
- name: postgres
  repository: oci://registry-1.docker.io/cloudpirates
  version: 0.19.6
digest: sha256:7c71e14fd6dd8071075a90eea30a5f77f939089778a7031bc7ca7e79c031325e
generated: "2026-09-23T21:04:19.244821592+02:00"
